
Microsoft Visual Studio Solution File, Format Version 12.00
# Visual Studio Version 17
VisualStudioVersion = 17.6.33829.357
MinimumVisualStudioVersion = 10.0.40219.1
Project("{FAE04EC0-301F-11D3-BF4B-00C04F79EFBC}") = "ApiClient", "ApiClient\ApiClient.csproj", "{4E45A6E6-2E1A-47DC-8902-F2C4F68C4045}"
EndProject
Project("{9A19103F-16F7-4668-BE54-9A1E7A4F7556}") = "WeatherServer", "WeatherServer\WeatherServer.csproj", "{C32B7164-D9CD-40DB-ACAA-B392DD2E278F}"
EndProject
Global
	GlobalSection(SolutionConfigurationPlatforms) = preSolution
		Debug|Any CPU = Debug|Any CPU
		Release|Any CPU = Release|Any CPU
	EndGlobalSection
	GlobalSection(ProjectConfigurationPlatforms) = postSolution
		{4E45A6E6-2E1A-47DC-8902-F2C4F68C4045}.Debug|Any CPU.ActiveCfg = Debug|Any CPU
		{4E45A6E6-2E1A-47DC-8902-F2C4F68C4045}.Debug|Any CPU.Build.0 = Debug|Any CPU
		{4E45A6E6-2E1A-47DC-8902-F2C4F68C4045}.Release|Any CPU.ActiveCfg = Release|Any CPU
		{4E45A6E6-2E1A-47DC-8902-F2C4F68C4045}.Release|Any CPU.Build.0 = Release|Any CPU
		{C32B7164-D9CD-40DB-ACAA-B392DD2E278F}.Debug|Any CPU.ActiveCfg = Debug|Any CPU
		{C32B7164-D9CD-40DB-ACAA-B392DD2E278F}.Debug|Any CPU.Build.0 = Debug|Any CPU
		{C32B7164-D9CD-40DB-ACAA-B392DD2E278F}.Release|Any CPU.ActiveCfg = Release|Any CPU
		{C32B7164-D9CD-40DB-ACAA-B392DD2E278F}.Release|Any CPU.Build.0 = Release|Any CPU
	EndGlobalSection
	GlobalSection(SolutionProperties) = preSolution
		HideSolutionNode = FALSE
	EndGlobalSection
	GlobalSection(ExtensibilityGlobals) = postSolution
		SolutionGuid = {B68D9FF0-EDB9-478B-BEED-01B23E00F141}
	EndGlobalSection
EndGlobal
